
Microsoft Visual Studio Solution File, Format Version 12.00
# Visual Studio Version 17
VisualStudioVersion = 17.2.32630.192
MinimumVisualStudioVersion = 10.0.40219.1
Project("{9A19103F-16F7-4668-BE54-9A1E7A4F7556}") = "R5T.D0072.Construction", "R5T.D0072.Construction\R5T.D0072.Construction.csproj", "{C90C3ED1-99C3-4729-9381-9A66A7D7C752}"
EndProject
Project("{2150E333-8FDC-42A3-9474-1A3956D46DE8}") = "_Dependencies", "_Dependencies", "{4A1C782E-6635-4320-88F3-13FAD893A21C}"
EndProject
Project("{9A19103F-16F7-4668-BE54-9A1E7A4F7556}") = "R5T.D0072.Base", "R5T.D0072.Base\R5T.D0072.Base.csproj", "{7852DD6A-31F8-4C0D-A6E7-111B72707FED}"
EndProject
Project("{9A19103F-16F7-4668-BE54-9A1E7A4F7556}") = "R5T.D0072.Dunbar", "R5T.D0072.Dunbar\R5T.D0072.Dunbar.csproj", "{D2760CB9-AC12-47D8-869E-EF85289489DC}"
EndProject
Project("{9A19103F-16F7-4668-BE54-9A1E7A4F7556}") = "R5T.Dacia", "..\..\R5T.Dacia\source\R5T.Dacia\R5T.Dacia.csproj", "{EBB99DAA-ABD7-4F48-A7E6-C0E673B45F06}"
EndProject
Project("{9A19103F-16F7-4668-BE54-9A1E7A4F7556}") = "R5T.Dacia.Extensions", "..\..\R5T.Dacia.Extensions\source\R5T.Dacia.Extensions\R5T.Dacia.Extensions.csproj", "{14B0570B-3F14-459A-9E4B-E5650C29DAFD}"
EndProject
Project("{9A19103F-16F7-4668-BE54-9A1E7A4F7556}") = "R5T.Dunbar.D007.Base", "..\..\R5T.Dunbar\source\R5T.Dunbar.D007.Base\R5T.Dunbar.D007.Base.csproj", "{7750FD26-D621-4DA6-BB41-C5DE3491D4A7}"
EndProject
Project("{9A19103F-16F7-4668-BE54-9A1E7A4F7556}") = "R5T.Venetia", "..\..\R5T.Venetia\source\R5T.Venetia\R5T.Venetia.csproj", "{762A46B7-4799-4621-AD1D-2B285E226D5E}"
EndProject
Project("{9A19103F-16F7-4668-BE54-9A1E7A4F7556}") = "R5T.Dunbar.D006.Base", "..\..\R5T.Dunbar\source\R5T.Dunbar.D006.Base\R5T.Dunbar.D006.Base.csproj", "{5E1EB6B5-CEFA-4D05-AB6E-B83A33C23791}"
EndProject
Project("{9A19103F-16F7-4668-BE54-9A1E7A4F7556}") = "R5T.T0064", "..\..\R5T.T0064\source\R5T.T0064\R5T.T0064.csproj", "{FDE8CD1C-413D-4CA0-B47A-73CC99777933}"
EndProject
Project("{9A19103F-16F7-4668-BE54-9A1E7A4F7556}") = "R5T.Magyar", "..\..\R5T.Magyar\source\R5T.Magyar\R5T.Magyar.csproj", "{EF6F8269-8BD2-4CFD-B9BC-655D937BC30D}"
EndProject
Project("{9A19103F-16F7-4668-BE54-9A1E7A4F7556}") = "R5T.T0143", "..\..\R5T.T0143\source\R5T.T0143\R5T.T0143.csproj", "{B5B7D129-4649-416D-9C77-1B055BD57D60}"
EndProject
Project("{9A19103F-16F7-4668-BE54-9A1E7A4F7556}") = "R5T.T0064.T001", "..\..\R5T.T0064\source\R5T.T0064.T001\R5T.T0064.T001.csproj", "{7AE7BD3D-A979-4BE4-853C-B7BA0D999F5B}"
EndProject
Global
	GlobalSection(SolutionConfigurationPlatforms) = preSolution
		Debug|Any CPU = Debug|Any CPU
		Debug|x64 = Debug|x64
		Debug|x86 = Debug|x86
		Release|Any CPU = Release|Any CPU
		Release|x64 = Release|x64
		Release|x86 = Release|x86
	EndGlobalSection
	GlobalSection(ProjectConfigurationPlatforms) = postSolution
		{C90C3ED1-99C3-4729-9381-9A66A7D7C752}.Debug|Any CPU.ActiveCfg = Debug|Any CPU
		{C90C3ED1-99C3-4729-9381-9A66A7D7C752}.Debug|Any CPU.Build.0 = Debug|Any CPU
		{C90C3ED1-99C3-4729-9381-9A66A7D7C752}.Debug|x64.ActiveCfg = Debug|Any CPU
		{C90C3ED1-99C3-4729-9381-9A66A7D7C752}.Debug|x64.Build.0 = Debug|Any CPU
		{C90C3ED1-99C3-4729-9381-9A66A7D7C752}.Debug|x86.ActiveCfg = Debug|Any CPU
		{C90C3ED1-99C3-4729-9381-9A66A7D7C752}.Debug|x86.Build.0 = Debug|Any CPU
		{C90C3ED1-99C3-4729-9381-9A66A7D7C752}.Release|Any CPU.ActiveCfg = Release|Any CPU
		{C90C3ED1-99C3-4729-9381-9A66A7D7C752}.Release|Any CPU.Build.0 = Release|Any CPU
		{C90C3ED1-99C3-4729-9381-9A66A7D7C752}.Release|x64.ActiveCfg = Release|Any CPU
		{C90C3ED1-99C3-4729-9381-9A66A7D7C752}.Release|x64.Build.0 = Release|Any CPU
		{C90C3ED1-99C3-4729-9381-9A66A7D7C752}.Release|x86.ActiveCfg = Release|Any CPU
		{C90C3ED1-99C3-4729-9381-9A66A7D7C752}.Release|x86.Build.0 = Release|Any CPU
		{7852DD6A-31F8-4C0D-A6E7-111B72707FED}.Debug|Any CPU.ActiveCfg = Debug|Any CPU
		{7852DD6A-31F8-4C0D-A6E7-111B72707FED}.Debug|Any CPU.Build.0 = Debug|Any CPU
		{7852DD6A-31F8-4C0D-A6E7-111B72707FED}.Debug|x64.ActiveCfg = Debug|Any CPU
		{7852DD6A-31F8-4C0D-A6E7-111B72707FED}.Debug|x64.Build.0 = Debug|Any CPU
		{7852DD6A-31F8-4C0D-A6E7-111B72707FED}.Debug|x86.ActiveCfg = Debug|Any CPU
		{7852DD6A-31F8-4C0D-A6E7-111B72707FED}.Debug|x86.Build.0 = Debug|Any CPU
		{7852DD6A-31F8-4C0D-A6E7-111B72707FED}.Release|Any CPU.ActiveCfg = Release|Any CPU
		{7852DD6A-31F8-4C0D-A6E7-111B72707FED}.Release|Any CPU.Build.0 = Release|Any CPU
		{7852DD6A-31F8-4C0D-A6E7-111B72707FED}.Release|x64.ActiveCfg = Release|Any CPU
		{7852DD6A-31F8-4C0D-A6E7-111B72707FED}.Release|x64.Build.0 = Release|Any CPU
		{7852DD6A-31F8-4C0D-A6E7-111B72707FED}.Release|x86.ActiveCfg = Release|Any CPU
		{7852DD6A-31F8-4C0D-A6E7-111B72707FED}.Release|x86.Build.0 = Release|Any CPU
		{D2760CB9-AC12-47D8-869E-EF85289489DC}.Debug|Any CPU.ActiveCfg = Debug|Any CPU
		{D2760CB9-AC12-47D8-869E-EF85289489DC}.Debug|Any CPU.Build.0 = Debug|Any CPU
		{D2760CB9-AC12-47D8-869E-EF85289489DC}.Debug|x64.ActiveCfg = Debug|Any CPU
		{D2760CB9-AC12-47D8-869E-EF85289489DC}.Debug|x64.Build.0 = Debug|Any CPU
		{D2760CB9-AC12-47D8-869E-EF85289489DC}.Debug|x86.ActiveCfg = Debug|Any CPU
		{D2760CB9-AC12-47D8-869E-EF85289489DC}.Debug|x86.Build.0 = Debug|Any CPU
		{D2760CB9-AC12-47D8-869E-EF85289489DC}.Release|Any CPU.ActiveCfg = Release|Any CPU
		{D2760CB9-AC12-47D8-869E-EF85289489DC}.Release|Any CPU.Build.0 = Release|Any CPU
		{D2760CB9-AC12-47D8-869E-EF85289489DC}.Release|x64.ActiveCfg = Release|Any CPU
		{D2760CB9-AC12-47D8-869E-EF85289489DC}.Release|x64.Build.0 = Release|Any CPU
		{D2760CB9-AC12-47D8-869E-EF85289489DC}.Release|x86.ActiveCfg = Release|Any CPU
		{D2760CB9-AC12-47D8-869E-EF85289489DC}.Release|x86.Build.0 = Release|Any CPU
		{EBB99DAA-ABD7-4F48-A7E6-C0E673B45F06}.Debug|Any CPU.ActiveCfg = Debug|Any CPU
		{EBB99DAA-ABD7-4F48-A7E6-C0E673B45F06}.Debug|Any CPU.Build.0 = Debug|Any CPU
		{EBB99DAA-ABD7-4F48-A7E6-C0E673B45F06}.Debug|x64.ActiveCfg = Debug|Any CPU
		{EBB99DAA-ABD7-4F48-A7E6-C0E673B45F06}.Debug|x64.Build.0 = Debug|Any CPU
		{EBB99DAA-ABD7-4F48-A7E6-C0E673B45F06}.Debug|x86.ActiveCfg = Debug|Any CPU
		{EBB99DAA-ABD7-4F48-A7E6-C0E673B45F06}.Debug|x86.Build.0 = Debug|Any CPU
		{EBB99DAA-ABD7-4F48-A7E6-C0E673B45F06}.Release|Any CPU.ActiveCfg = Release|Any CPU
		{EBB99DAA-ABD7-4F48-A7E6-C0E673B45F06}.Release|Any CPU.Build.0 = Release|Any CPU
		{EBB99DAA-ABD7-4F48-A7E6-C0E673B45F06}.Release|x64.ActiveCfg = Release|Any CPU
		{EBB99DAA-ABD7-4F48-A7E6-C0E673B45F06}.Release|x64.Build.0 = Release|Any CPU
		{EBB99DAA-ABD7-4F48-A7E6-C0E673B45F06}.Release|x86.ActiveCfg = Release|Any CPU
		{EBB99DAA-ABD7-4F48-A7E6-C0E673B45F06}.Release|x86.Build.0 = Release|Any CPU
		{14B0570B-3F14-459A-9E4B-E5650C29DAFD}.Debug|Any CPU.ActiveCfg = Debug|Any CPU
		{14B0570B-3F14-459A-9E4B-E5650C29DAFD}.Debug|Any CPU.Build.0 = Debug|Any CPU
		{14B0570B-3F14-459A-9E4B-E5650C29DAFD}.Debug|x64.ActiveCfg = Debug|Any CPU
		{14B0570B-3F14-459A-9E4B-E5650C29DAFD}.Debug|x64.Build.0 = Debug|Any CPU
		{14B0570B-3F14-459A-9E4B-E5650C29DAFD}.Debug|x86.ActiveCfg = Debug|Any CPU
		{14B0570B-3F14-459A-9E4B-E5650C29DAFD}.Debug|x86.Build.0 = Debug|Any CPU
		{14B0570B-3F14-459A-9E4B-E5650C29DAFD}.Release|Any CPU.ActiveCfg = Release|Any CPU
		{14B0570B-3F14-459A-9E4B-E5650C29DAFD}.Release|Any CPU.Build.0 = Release|Any CPU
		{14B0570B-3F14-459A-9E4B-E5650C29DAFD}.Release|x64.ActiveCfg = Release|Any CPU
		{14B0570B-3F14-459A-9E4B-E5650C29DAFD}.Release|x64.Build.0 = Release|Any CPU
		{14B0570B-3F14-459A-9E4B-E5650C29DAFD}.Release|x86.ActiveCfg = Release|Any CPU
		{14B0570B-3F14-459A-9E4B-E5650C29DAFD}.Release|x86.Build.0 = Release|Any CPU
		{7750FD26-D621-4DA6-BB41-C5DE3491D4A7}.Debug|Any CPU.ActiveCfg = Debug|Any CPU
		{7750FD26-D621-4DA6-BB41-C5DE3491D4A7}.Debug|Any CPU.Build.0 = Debug|Any CPU
		{7750FD26-D621-4DA6-BB41-C5DE3491D4A7}.Debug|x64.ActiveCfg = Debug|Any CPU
		{7750FD26-D621-4DA6-BB41-C5DE3491D4A7}.Debug|x64.Build.0 = Debug|Any CPU
		{7750FD26-D621-4DA6-BB41-C5DE3491D4A7}.Debug|x86.ActiveCfg = Debug|Any CPU
		{7750FD26-D621-4DA6-BB41-C5DE3491D4A7}.Debug|x86.Build.0 = Debug|Any CPU
		{7750FD26-D621-4DA6-BB41-C5DE3491D4A7}.Release|Any CPU.ActiveCfg = Release|Any CPU
		{7750FD26-D621-4DA6-BB41-C5DE3491D4A7}.Release|Any CPU.Build.0 = Release|Any CPU
		{7750FD26-D621-4DA6-BB41-C5DE3491D4A7}.Release|x64.ActiveCfg = Release|Any CPU
		{7750FD26-D621-4DA6-BB41-C5DE3491D4A7}.Release|x64.Build.0 = Release|Any CPU
		{7750FD26-D621-4DA6-BB41-C5DE3491D4A7}.Release|x86.ActiveCfg = Release|Any CPU
		{7750FD26-D621-4DA6-BB41-C5DE3491D4A7}.Release|x86.Build.0 = Release|Any CPU
		{762A46B7-4799-4621-AD1D-2B285E226D5E}.Debug|Any CPU.ActiveCfg = Debug|Any CPU
		{762A46B7-4799-4621-AD1D-2B285E226D5E}.Debug|Any CPU.Build.0 = Debug|Any CPU
		{762A46B7-4799-4621-AD1D-2B285E226D5E}.Debug|x64.ActiveCfg = Debug|Any CPU
		{762A46B7-4799-4621-AD1D-2B285E226D5E}.Debug|x64.Build.0 = Debug|Any CPU
		{762A46B7-4799-4621-AD1D-2B285E226D5E}.Debug|x86.ActiveCfg = Debug|Any CPU
		{762A46B7-4799-4621-AD1D-2B285E226D5E}.Debug|x86.Build.0 = Debug|Any CPU
		{762A46B7-4799-4621-AD1D-2B285E226D5E}.Release|Any CPU.ActiveCfg = Release|Any CPU
		{762A46B7-4799-4621-AD1D-2B285E226D5E}.Release|Any CPU.Build.0 = Release|Any CPU
		{762A46B7-4799-4621-AD1D-2B285E226D5E}.Release|x64.ActiveCfg = Release|Any CPU
		{762A46B7-4799-4621-AD1D-2B285E226D5E}.Release|x64.Build.0 = Release|Any CPU
		{762A46B7-4799-4621-AD1D-2B285E226D5E}.Release|x86.ActiveCfg = Release|Any CPU
		{762A46B7-4799-4621-AD1D-2B285E226D5E}.Release|x86.Build.0 = Release|Any CPU
		{5E1EB6B5-CEFA-4D05-AB6E-B83A33C23791}.Debug|Any CPU.ActiveCfg = Debug|Any CPU
		{5E1EB6B5-CEFA-4D05-AB6E-B83A33C23791}.Debug|Any CPU.Build.0 = Debug|Any CPU
		{5E1EB6B5-CEFA-4D05-AB6E-B83A33C23791}.Debug|x64.ActiveCfg = Debug|Any CPU
		{5E1EB6B5-CEFA-4D05-AB6E-B83A33C23791}.Debug|x64.Build.0 = Debug|Any CPU
		{5E1EB6B5-CEFA-4D05-AB6E-B83A33C23791}.Debug|x86.ActiveCfg = Debug|Any CPU
		{5E1EB6B5-CEFA-4D05-AB6E-B83A33C23791}.Debug|x86.Build.0 = Debug|Any CPU
		{5E1EB6B5-CEFA-4D05-AB6E-B83A33C23791}.Release|Any CPU.ActiveCfg = Release|Any CPU
		{5E1EB6B5-CEFA-4D05-AB6E-B83A33C23791}.Release|Any CPU.Build.0 = Release|Any CPU
		{5E1EB6B5-CEFA-4D05-AB6E-B83A33C23791}.Release|x64.ActiveCfg = Release|Any CPU
		{5E1EB6B5-CEFA-4D05-AB6E-B83A33C23791}.Release|x64.Build.0 = Release|Any CPU
		{5E1EB6B5-CEFA-4D05-AB6E-B83A33C23791}.Release|x86.ActiveCfg = Release|Any CPU
		{5E1EB6B5-CEFA-4D05-AB6E-B83A33C23791}.Release|x86.Build.0 = Release|Any CPU
		{FDE8CD1C-413D-4CA0-B47A-73CC99777933}.Debug|Any CPU.ActiveCfg = Debug|Any CPU
		{FDE8CD1C-413D-4CA0-B47A-73CC99777933}.Debug|Any CPU.Build.0 = Debug|Any CPU
		{FDE8CD1C-413D-4CA0-B47A-73CC99777933}.Debug|x64.ActiveCfg = Debug|Any CPU
		{FDE8CD1C-413D-4CA0-B47A-73CC99777933}.Debug|x64.Build.0 = Debug|Any CPU
		{FDE8CD1C-413D-4CA0-B47A-73CC99777933}.Debug|x86.ActiveCfg = Debug|Any CPU
		{FDE8CD1C-413D-4CA0-B47A-73CC99777933}.Debug|x86.Build.0 = Debug|Any CPU
		{FDE8CD1C-413D-4CA0-B47A-73CC99777933}.Release|Any CPU.ActiveCfg = Release|Any CPU
		{FDE8CD1C-413D-4CA0-B47A-73CC99777933}.Release|Any CPU.Build.0 = Release|Any CPU
		{FDE8CD1C-413D-4CA0-B47A-73CC99777933}.Release|x64.ActiveCfg = Release|Any CPU
		{FDE8CD1C-413D-4CA0-B47A-73CC99777933}.Release|x64.Build.0 = Release|Any CPU
		{FDE8CD1C-413D-4CA0-B47A-73CC99777933}.Release|x86.ActiveCfg = Release|Any CPU
		{FDE8CD1C-413D-4CA0-B47A-73CC99777933}.Release|x86.Build.0 = Release|Any CPU
		{EF6F8269-8BD2-4CFD-B9BC-655D937BC30D}.Debug|Any CPU.ActiveCfg = Debug|Any CPU
		{EF6F8269-8BD2-4CFD-B9BC-655D937BC30D}.Debug|Any CPU.Build.0 = Debug|Any CPU
		{EF6F8269-8BD2-4CFD-B9BC-655D937BC30D}.Debug|x64.ActiveCfg = Debug|Any CPU
		{EF6F8269-8BD2-4CFD-B9BC-655D937BC30D}.Debug|x64.Build.0 = Debug|Any CPU
		{EF6F8269-8BD2-4CFD-B9BC-655D937BC30D}.Debug|x86.ActiveCfg = Debug|Any CPU
		{EF6F8269-8BD2-4CFD-B9BC-655D937BC30D}.Debug|x86.Build.0 = Debug|Any CPU
		{EF6F8269-8BD2-4CFD-B9BC-655D937BC30D}.Release|Any CPU.ActiveCfg = Release|Any CPU
		{EF6F8269-8BD2-4CFD-B9BC-655D937BC30D}.Release|Any CPU.Build.0 = Release|Any CPU
		{EF6F8269-8BD2-4CFD-B9BC-655D937BC30D}.Release|x64.ActiveCfg = Release|Any CPU
		{EF6F8269-8BD2-4CFD-B9BC-655D937BC30D}.Release|x64.Build.0 = Release|Any CPU
		{EF6F8269-8BD2-4CFD-B9BC-655D937BC30D}.Release|x86.ActiveCfg = Release|Any CPU
		{EF6F8269-8BD2-4CFD-B9BC-655D937BC30D}.Release|x86.Build.0 = Release|Any CPU
		{B5B7D129-4649-416D-9C77-1B055BD57D60}.Debug|Any CPU.ActiveCfg = Debug|Any CPU
		{B5B7D129-4649-416D-9C77-1B055BD57D60}.Debug|Any CPU.Build.0 = Debug|Any CPU
		{B5B7D129-4649-416D-9C77-1B055BD57D60}.Debug|x64.ActiveCfg = Debug|Any CPU
		{B5B7D129-4649-416D-9C77-1B055BD57D60}.Debug|x64.Build.0 = Debug|Any CPU
		{B5B7D129-4649-416D-9C77-1B055BD57D60}.Debug|x86.ActiveCfg = Debug|Any CPU
		{B5B7D129-4649-416D-9C77-1B055BD57D60}.Debug|x86.Build.0 = Debug|Any CPU
		{B5B7D129-4649-416D-9C77-1B055BD57D60}.Release|Any CPU.ActiveCfg = Release|Any CPU
		{B5B7D129-4649-416D-9C77-1B055BD57D60}.Release|Any CPU.Build.0 = Release|Any CPU
		{B5B7D129-4649-416D-9C77-1B055BD57D60}.Release|x64.ActiveCfg = Release|Any CPU
		{B5B7D129-4649-416D-9C77-1B055BD57D60}.Release|x64.Build.0 = Release|Any CPU
		{B5B7D129-4649-416D-9C77-1B055BD57D60}.Release|x86.ActiveCfg = Release|Any CPU
		{B5B7D129-4649-416D-9C77-1B055BD57D60}.Release|x86.Build.0 = Release|Any CPU
		{7AE7BD3D-A979-4BE4-853C-B7BA0D999F5B}.Debug|Any CPU.ActiveCfg = Debug|Any CPU
		{7AE7BD3D-A979-4BE4-853C-B7BA0D999F5B}.Debug|Any CPU.Build.0 = Debug|Any CPU
		{7AE7BD3D-A979-4BE4-853C-B7BA0D999F5B}.Debug|x64.ActiveCfg = Debug|Any CPU
		{7AE7BD3D-A979-4BE4-853C-B7BA0D999F5B}.Debug|x64.Build.0 = Debug|Any CPU
		{7AE7BD3D-A979-4BE4-853C-B7BA0D999F5B}.Debug|x86.ActiveCfg = Debug|Any CPU
		{7AE7BD3D-A979-4BE4-853C-B7BA0D999F5B}.Debug|x86.Build.0 = Debug|Any CPU
		{7AE7BD3D-A979-4BE4-853C-B7BA0D999F5B}.Release|Any CPU.ActiveCfg = Release|Any CPU
		{7AE7BD3D-A979-4BE4-853C-B7BA0D999F5B}.Release|Any CPU.Build.0 = Release|Any CPU
		{7AE7BD3D-A979-4BE4-853C-B7BA0D999F5B}.Release|x64.ActiveCfg = Release|Any CPU
		{7AE7BD3D-A979-4BE4-853C-B7BA0D999F5B}.Release|x64.Build.0 = Release|Any CPU
		{7AE7BD3D-A979-4BE4-853C-B7BA0D999F5B}.Release|x86.ActiveCfg = Release|Any CPU
		{7AE7BD3D-A979-4BE4-853C-B7BA0D999F5B}.Release|x86.Build.0 = Release|Any CPU
	EndGlobalSection
	GlobalSection(SolutionProperties) = preSolution
		HideSolutionNode = FALSE
	EndGlobalSection
	GlobalSection(NestedProjects) = preSolution
		{EBB99DAA-ABD7-4F48-A7E6-C0E673B45F06} = {4A1C782E-6635-4320-88F3-13FAD893A21C}
		{14B0570B-3F14-459A-9E4B-E5650C29DAFD} = {4A1C782E-6635-4320-88F3-13FAD893A21C}
		{7750FD26-D621-4DA6-BB41-C5DE3491D4A7} = {4A1C782E-6635-4320-88F3-13FAD893A21C}
		{762A46B7-4799-4621-AD1D-2B285E226D5E} = {4A1C782E-6635-4320-88F3-13FAD893A21C}
		{5E1EB6B5-CEFA-4D05-AB6E-B83A33C23791} = {4A1C782E-6635-4320-88F3-13FAD893A21C}
		{FDE8CD1C-413D-4CA0-B47A-73CC99777933} = {4A1C782E-6635-4320-88F3-13FAD893A21C}
		{EF6F8269-8BD2-4CFD-B9BC-655D937BC30D} = {4A1C782E-6635-4320-88F3-13FAD893A21C}
		{B5B7D129-4649-416D-9C77-1B055BD57D60} = {4A1C782E-6635-4320-88F3-13FAD893A21C}
		{7AE7BD3D-A979-4BE4-853C-B7BA0D999F5B} = {4A1C782E-6635-4320-88F3-13FAD893A21C}
	EndGlobalSection
	GlobalSection(ExtensibilityGlobals) = postSolution
		SolutionGuid = {2E9CCD4C-D197-4ECD-B563-9A1E85E5F38B}
	EndGlobalSection
EndGlobal
